
Microsoft Visual Studio Solution File, Format Version 12.00
# Visual Studio Version 16
VisualStudioVersion = 16.0.30413.136
MinimumVisualStudioVersion = 10.0.40219.1
Project("{FAE04EC0-301F-11D3-BF4B-00C04F79EFBC}") = "CodeFirst", "CodeFirst\CodeFirst.csproj", "{FBEAFA58-CCF9-46FF-BF25-202CA8CEC9D3}"
EndProject
Global
	GlobalSection(SolutionConfigurationPlatforms) = preSolution
		Debug|Any CPU = Debug|Any CPU
		Release|Any CPU = Release|Any CPU
	EndGlobalSection
	GlobalSection(ProjectConfigurationPlatforms) = postSolution
		{FBEAFA58-CCF9-46FF-BF25-202CA8CEC9D3}.Debug|Any CPU.ActiveCfg = Debug|Any CPU
		{FBEAFA58-CCF9-46FF-BF25-202CA8CEC9D3}.Debug|Any CPU.Build.0 = Debug|Any CPU
		{FBEAFA58-CCF9-46FF-BF25-202CA8CEC9D3}.Release|Any CPU.ActiveCfg = Release|Any CPU
		{FBEAFA58-CCF9-46FF-BF25-202CA8CEC9D3}.Release|Any CPU.Build.0 = Release|Any CPU
	EndGlobalSection
	GlobalSection(SolutionProperties) = preSolution
		HideSolutionNode = FALSE
	EndGlobalSection
	GlobalSection(ExtensibilityGlobals) = postSolution
		SolutionGuid = {386D9157-70DF-47F1-B545-F40D0F61F0AF}
	EndGlobalSection
EndGlobal
